
Microsoft Visual Studio Solution File, Format Version 12.00
# Visual Studio Version 17
VisualStudioVersion = 17.5.33530.505
MinimumVisualStudioVersion = 10.0.40219.1
Project("{FAE04EC0-301F-11D3-BF4B-00C04F79EFBC}") = "TestingProductLibrary", "TestingProductLibrary\TestingProductLibrary.csproj", "{63B267FD-DEC6-459F-A8A8-F05AC5DC0A65}"
EndProject
Project("{FAE04EC0-301F-11D3-BF4B-00C04F79EFBC}") = "ProductLibrary", "..\ProductLibrary\ProductLibrary\ProductLibrary.csproj", "{2261D797-B654-4BE2-AC75-2330625C232F}"
EndProject
Global
	GlobalSection(SolutionConfigurationPlatforms) = preSolution
		Debug|Any CPU = Debug|Any CPU
		Release|Any CPU = Release|Any CPU
	EndGlobalSection
	GlobalSection(ProjectConfigurationPlatforms) = postSolution
		{63B267FD-DEC6-459F-A8A8-F05AC5DC0A65}.Debug|Any CPU.ActiveCfg = Debug|Any CPU
		{63B267FD-DEC6-459F-A8A8-F05AC5DC0A65}.Debug|Any CPU.Build.0 = Debug|Any CPU
		{63B267FD-DEC6-459F-A8A8-F05AC5DC0A65}.Release|Any CPU.ActiveCfg = Release|Any CPU
		{63B267FD-DEC6-459F-A8A8-F05AC5DC0A65}.Release|Any CPU.Build.0 = Release|Any CPU
		{2261D797-B654-4BE2-AC75-2330625C232F}.Debug|Any CPU.ActiveCfg = Debug|Any CPU
		{2261D797-B654-4BE2-AC75-2330625C232F}.Debug|Any CPU.Build.0 = Debug|Any CPU
		{2261D797-B654-4BE2-AC75-2330625C232F}.Release|Any CPU.ActiveCfg = Release|Any CPU
		{2261D797-B654-4BE2-AC75-2330625C232F}.Release|Any CPU.Build.0 = Release|Any CPU
	EndGlobalSection
	GlobalSection(SolutionProperties) = preSolution
		HideSolutionNode = FALSE
	EndGlobalSection
	GlobalSection(ExtensibilityGlobals) = postSolution
		SolutionGuid = {F9345446-7DF3-4A42-AAD2-BCED260C2FD2}
	EndGlobalSection
EndGlobal
