
Microsoft Visual Studio Solution File, Format Version 12.00
# Visual Studio Version 17
VisualStudioVersion = 17.5.33530.505
MinimumVisualStudioVersion = 10.0.40219.1
Project("{FAE04EC0-301F-11D3-BF4B-00C04F79EFBC}") = "MyTaskManager", "MyTaskManager\MyTaskManager.csproj", "{0198D4A4-3446-4D53-AA6B-2530A25EFF77}"
EndProject
Global
	GlobalSection(SolutionConfigurationPlatforms) = preSolution
		Debug|Any CPU = Debug|Any CPU
		Release|Any CPU = Release|Any CPU
	EndGlobalSection
	GlobalSection(ProjectConfigurationPlatforms) = postSolution
		{0198D4A4-3446-4D53-AA6B-2530A25EFF77}.Debug|Any CPU.ActiveCfg = Debug|Any CPU
		{0198D4A4-3446-4D53-AA6B-2530A25EFF77}.Debug|Any CPU.Build.0 = Debug|Any CPU
		{0198D4A4-3446-4D53-AA6B-2530A25EFF77}.Release|Any CPU.ActiveCfg = Release|Any CPU
		{0198D4A4-3446-4D53-AA6B-2530A25EFF77}.Release|Any CPU.Build.0 = Release|Any CPU
	EndGlobalSection
	GlobalSection(SolutionProperties) = preSolution
		HideSolutionNode = FALSE
	EndGlobalSection
	GlobalSection(ExtensibilityGlobals) = postSolution
		SolutionGuid = {4C18B615-34C8-4F6C-83C9-8F8F5CFB448A}
	EndGlobalSection
EndGlobal
